
Microsoft Visual Studio Solution File, Format Version 12.00
# Visual Studio Version 17
VisualStudioVersion = 17.1.32210.238
MinimumVisualStudioVersion = 10.0.40219.1
Project("{FAE04EC0-301F-11D3-BF4B-00C04F79EFBC}") = "OfflineDemo", "OfflineDemo\OfflineDemo.csproj", "{C273FB0A-8870-4938-B5EC-63689CE144DE}"
EndProject
Global
	GlobalSection(SolutionConfigurationPlatforms) = preSolution
		Debug|Any CPU = Debug|Any CPU
		Release|Any CPU = Release|Any CPU
	EndGlobalSection
	GlobalSection(ProjectConfigurationPlatforms) = postSolution
		{C273FB0A-8870-4938-B5EC-63689CE144DE}.Debug|Any CPU.ActiveCfg = Debug|Any CPU
		{C273FB0A-8870-4938-B5EC-63689CE144DE}.Debug|Any CPU.Build.0 = Debug|Any CPU
		{C273FB0A-8870-4938-B5EC-63689CE144DE}.Release|Any CPU.ActiveCfg = Release|Any CPU
		{C273FB0A-8870-4938-B5EC-63689CE144DE}.Release|Any CPU.Build.0 = Release|Any CPU
	EndGlobalSection
	GlobalSection(SolutionProperties) = preSolution
		HideSolutionNode = FALSE
	EndGlobalSection
	GlobalSection(ExtensibilityGlobals) = postSolution
		SolutionGuid = {B432BAAF-8891-4C39-8AE4-BFEC76C0E2BE}
	EndGlobalSection
EndGlobal
